
Microsoft Visual Studio Solution File, Format Version 12.00
# Visual Studio Version 17
VisualStudioVersion = 17.3.32825.248
MinimumVisualStudioVersion = 10.0.40219.1
Project("{9A19103F-16F7-4668-BE54-9A1E7A4F7556}") = "ConsoleApp1", "ConsoleApp1\ConsoleApp1.csproj", "{0F01841B-10CF-4C3E-AED8-DD62D938D834}"
EndProject
Project("{9A19103F-16F7-4668-BE54-9A1E7A4F7556}") = "ConsoleApp2", "ConsoleApp2\ConsoleApp2.csproj", "{80ECCC6E-86A7-409F-B14B-EC9EFC53E93E}"
EndProject
Project("{9A19103F-16F7-4668-BE54-9A1E7A4F7556}") = "ConsoleIMC", "ConsoleIMC\ConsoleIMC.csproj", "{93E0D7DC-7150-4716-A52E-603BBA8969D3}"
EndProject
Project("{2150E333-8FDC-42A3-9474-1A3956D46DE8}") = "Documentos", "Documentos", "{2524DECD-D6B7-4222-AA34-60BA0701AF55}"
	ProjectSection(SolutionItems) = preProject
		..\..\Contenidos\Elementos básicos del Lenguaje C#.pdf = ..\..\Contenidos\Elementos básicos del Lenguaje C#.pdf
		Recursos.txt = Recursos.txt
	EndProjectSection
EndProject
Global
	GlobalSection(SolutionConfigurationPlatforms) = preSolution
		Debug|Any CPU = Debug|Any CPU
		Release|Any CPU = Release|Any CPU
	EndGlobalSection
	GlobalSection(ProjectConfigurationPlatforms) = postSolution
		{0F01841B-10CF-4C3E-AED8-DD62D938D834}.Debug|Any CPU.ActiveCfg = Debug|Any CPU
		{0F01841B-10CF-4C3E-AED8-DD62D938D834}.Debug|Any CPU.Build.0 = Debug|Any CPU
		{0F01841B-10CF-4C3E-AED8-DD62D938D834}.Release|Any CPU.ActiveCfg = Release|Any CPU
		{0F01841B-10CF-4C3E-AED8-DD62D938D834}.Release|Any CPU.Build.0 = Release|Any CPU
		{80ECCC6E-86A7-409F-B14B-EC9EFC53E93E}.Debug|Any CPU.ActiveCfg = Debug|Any CPU
		{80ECCC6E-86A7-409F-B14B-EC9EFC53E93E}.Debug|Any CPU.Build.0 = Debug|Any CPU
		{80ECCC6E-86A7-409F-B14B-EC9EFC53E93E}.Release|Any CPU.ActiveCfg = Release|Any CPU
		{80ECCC6E-86A7-409F-B14B-EC9EFC53E93E}.Release|Any CPU.Build.0 = Release|Any CPU
		{93E0D7DC-7150-4716-A52E-603BBA8969D3}.Debug|Any CPU.ActiveCfg = Debug|Any CPU
		{93E0D7DC-7150-4716-A52E-603BBA8969D3}.Debug|Any CPU.Build.0 = Debug|Any CPU
		{93E0D7DC-7150-4716-A52E-603BBA8969D3}.Release|Any CPU.ActiveCfg = Release|Any CPU
		{93E0D7DC-7150-4716-A52E-603BBA8969D3}.Release|Any CPU.Build.0 = Release|Any CPU
	EndGlobalSection
	GlobalSection(SolutionProperties) = preSolution
		HideSolutionNode = FALSE
	EndGlobalSection
	GlobalSection(ExtensibilityGlobals) = postSolution
		SolutionGuid = {EE631057-FD6C-485E-8167-24D808A3809E}
	EndGlobalSection
EndGlobal
